// !$*UTF8*$!
{
	archiveVersion = 1;
	classes = {
	};
	objectVersion = 46;
	objects = {

/* Begin PBXBuildFile section */
		D97D2ECC1DD0BEF0006A8A5B /* DRYManagedObject.swift in Sources */ = {isa = PBXBuildFile; fileRef = D97D2ECB1DD0BEF0006A8A5B /* DRYManagedObject.swift */; };
		D99D586F1DC8E83600580E2B /* AppDelegate.swift in Sources */ = {isa = PBXBuildFile; fileRef = D99D586E1DC8E83600580E2B /* AppDelegate.swift */; };
		D99D58711DC8E83600580E2B /* ViewController.swift in Sources */ = {isa = PBXBuildFile; fileRef = D99D58701DC8E83600580E2B /* ViewController.swift */; };
		D99D58741DC8E83600580E2B /* Main.storyboard in Resources */ = {isa = PBXBuildFile; fileRef = D99D58721DC8E83600580E2B /* Main.storyboard */; };
		D99D58771DC8E83600580E2B /* DYDataKitDemo.xcdatamodeld in Sources */ = {isa = PBXBuildFile; fileRef = D99D58751DC8E83600580E2B /* DYDataKitDemo.xcdatamodeld */; };
		D99D58791DC8E83600580E2B /* Assets.xcassets in Resources */ = {isa = PBXBuildFile; fileRef = D99D58781DC8E83600580E2B /* Assets.xcassets */; };
		D99D587C1DC8E83600580E2B /* LaunchScreen.storyboard in Resources */ = {isa = PBXBuildFile; fileRef = D99D587A1DC8E83600580E2B /* LaunchScreen.storyboard */; };
		D99D58871DC8E83600580E2B /* DYDataKitDemoTests.swift in Sources */ = {isa = PBXBuildFile; fileRef = D99D58861DC8E83600580E2B /* DYDataKitDemoTests.swift */; };
		D99D58981DC8EAB500580E2B /* Person+CoreDataClass.swift in Sources */ = {isa = PBXBuildFile; fileRef = D99D58941DC8EAB500580E2B /* Person+CoreDataClass.swift */; };
		D99D58991DC8EAB500580E2B /* Person+CoreDataProperties.swift in Sources */ = {isa = PBXBuildFile; fileRef = D99D58951DC8EAB500580E2B /* Person+CoreDataProperties.swift */; };
		D99D589A1DC8EAB500580E2B /* Phone+CoreDataClass.swift in Sources */ = {isa = PBXBuildFile; fileRef = D99D58961DC8EAB500580E2B /* Phone+CoreDataClass.swift */; };
		D99D589B1DC8EAB500580E2B /* Phone+CoreDataProperties.swift in Sources */ = {isa = PBXBuildFile; fileRef = D99D58971DC8EAB500580E2B /* Phone+CoreDataProperties.swift */; };
		D99D589E1DC8EC2F00580E2B /* CoreData.framework in Frameworks */ = {isa = PBXBuildFile; fileRef = D99D589D1DC8EC2F00580E2B /* CoreData.framework */; };
		D99D58A01DCA34A300580E2B /* DRYManagedObjectContext.swift in Sources */ = {isa = PBXBuildFile; fileRef = D99D589F1DCA34A300580E2B /* DRYManagedObjectContext.swift */; };
/* End PBXBuildFile section */

/* Begin PBXContainerItemProxy section */
		D99D58831DC8E83600580E2B /* PBXContainerItemProxy */ = {
			isa = PBXContainerItemProxy;
			containerPortal = D99D58631DC8E83500580E2B /* Project object */;
			proxyType = 1;
			remoteGlobalIDString = D99D586A1DC8E83500580E2B;
			remoteInfo = DYDataKitDemo;
		};
/* End PBXContainerItemProxy section */

/* Begin PBXFileReference section */
		D97D2ECB1DD0BEF0006A8A5B /* DRYManagedObject.swift */ = {isa = PBXFileReference; fileEncoding = 4; lastKnownFileType = sourcecode.swift; name = DRYManagedObject.swift; path = DRYDataKit/DRYManagedObject.swift; sourceTree = "<group>"; };
		D99D586B1DC8E83600580E2B /* DYDataKitDemo.app */ = {isa = PBXFileReference; explicitFileType = wrapper.application; includeInIndex = 0; path = DYDataKitDemo.app; sourceTree = BUILT_PRODUCTS_DIR; };
		D99D586E1DC8E83600580E2B /* AppDelegate.swift */ = {isa = PBXFileReference; lastKnownFileType = sourcecode.swift; path = AppDelegate.swift; sourceTree = "<group>"; };
		D99D58701DC8E83600580E2B /* ViewController.swift */ = {isa = PBXFileReference; lastKnownFileType = sourcecode.swift; path = ViewController.swift; sourceTree = "<group>"; };
		D99D58731DC8E83600580E2B /* Base */ = {isa = PBXFileReference; lastKnownFileType = file.storyboard; name = Base; path = Base.lproj/Main.storyboard; sourceTree = "<group>"; };
		D99D58761DC8E83600580E2B /* DYDataKitDemo.xcdatamodel */ = {isa = PBXFileReference; lastKnownFileType = wrapper.xcdatamodel; path = DYDataKitDemo.xcdatamodel; sourceTree = "<group>"; };
		D99D58781DC8E83600580E2B /* Assets.xcassets */ = {isa = PBXFileReference; lastKnownFileType = folder.assetcatalog; path = Assets.xcassets; sourceTree = "<group>"; };
		D99D587B1DC8E83600580E2B /* Base */ = {isa = PBXFileReference; lastKnownFileType = file.storyboard; name = Base; path = Base.lproj/LaunchScreen.storyboard; sourceTree = "<group>"; };
		D99D587D1DC8E83600580E2B /* Info.plist */ = {isa = PBXFileReference; lastKnownFileType = text.plist.xml; path = Info.plist; sourceTree = "<group>"; };
		D99D58821DC8E83600580E2B /* DYDataKitDemoTests.xctest */ = {isa = PBXFileReference; explicitFileType = wrapper.cfbundle; includeInIndex = 0; path = DYDataKitDemoTests.xctest; sourceTree = BUILT_PRODUCTS_DIR; };
		D99D58861DC8E83600580E2B /* DYDataKitDemoTests.swift */ = {isa = PBXFileReference; lastKnownFileType = sourcecode.swift; path = DYDataKitDemoTests.swift; sourceTree = "<group>"; };
		D99D58881DC8E83600580E2B /* Info.plist */ = {isa = PBXFileReference; lastKnownFileType = text.plist.xml; path = Info.plist; sourceTree = "<group>"; };
		D99D58941DC8EAB500580E2B /* Person+CoreDataClass.swift */ = {isa = PBXFileReference; fileEncoding = 4; lastKnownFileType = sourcecode.swift; name = "Person+CoreDataClass.swift"; path = "Demo/Person+CoreDataClass.swift"; sourceTree = "<group>"; };
		D99D58951DC8EAB500580E2B /* Person+CoreDataProperties.swift */ = {isa = PBXFileReference; fileEncoding = 4; lastKnownFileType = sourcecode.swift; name = "Person+CoreDataProperties.swift"; path = "Demo/Person+CoreDataProperties.swift"; sourceTree = "<group>"; };
		D99D58961DC8EAB500580E2B /* Phone+CoreDataClass.swift */ = {isa = PBXFileReference; fileEncoding = 4; lastKnownFileType = sourcecode.swift; name = "Phone+CoreDataClass.swift"; path = "Demo/Phone+CoreDataClass.swift"; sourceTree = "<group>"; };
		D99D58971DC8EAB500580E2B /* Phone+CoreDataProperties.swift */ = {isa = PBXFileReference; fileEncoding = 4; lastKnownFileType = sourcecode.swift; name = "Phone+CoreDataProperties.swift"; path = "Demo/Phone+CoreDataProperties.swift"; sourceTree = "<group>"; };
		D99D589D1DC8EC2F00580E2B /* CoreData.framework */ = {isa = PBXFileReference; lastKnownFileType = wrapper.framework; name = CoreData.framework; path = System/Library/Frameworks/CoreData.framework; sourceTree = SDKROOT; };
		D99D589F1DCA34A300580E2B /* DRYManagedObjectContext.swift */ = {isa = PBXFileReference; fileEncoding = 4; lastKnownFileType = sourcecode.swift; name = DRYManagedObjectContext.swift; path = DRYDataKit/DRYManagedObjectContext.swift; sourceTree = "<group>"; };
/* End PBXFileReference section */

/* Begin PBXFrameworksBuildPhase section */
		D99D58681DC8E83500580E2B /* Frameworks */ = {
			isa = PBXFrameworksBuildPhase;
			buildActionMask = 2147483647;
			files = (
				D99D589E1DC8EC2F00580E2B /* CoreData.framework in Frameworks */,
			);
			runOnlyForDeploymentPostprocessing = 0;
		};
		D99D587F1DC8E83600580E2B /* Frameworks */ = {
			isa = PBXFrameworksBuildPhase;
			buildActionMask = 2147483647;
			files = (
			);
			runOnlyForDeploymentPostprocessing = 0;
		};
/* End PBXFrameworksBuildPhase section */

/* Begin PBXGroup section */
		D99D58621DC8E83500580E2B = {
			isa = PBXGroup;
			children = (
				D99D586D1DC8E83600580E2B /* DYDataKitDemo */,
				D99D58851DC8E83600580E2B /* DYDataKitDemoTests */,
				D99D586C1DC8E83600580E2B /* Products */,
				D99D589C1DC8EC2F00580E2B /* Frameworks */,
			);
			sourceTree = "<group>";
		};
		D99D586C1DC8E83600580E2B /* Products */ = {
			isa = PBXGroup;
			children = (
				D99D586B1DC8E83600580E2B /* DYDataKitDemo.app */,
				D99D58821DC8E83600580E2B /* DYDataKitDemoTests.xctest */,
			);
			name = Products;
			sourceTree = "<group>";
		};
		D99D586D1DC8E83600580E2B /* DYDataKitDemo */ = {
			isa = PBXGroup;
			children = (
				D99D58A11DCA34CF00580E2B /* CoreModel */,
				D99D58911DC8E95A00580E2B /* DRYDataKit */,
				D99D586E1DC8E83600580E2B /* AppDelegate.swift */,
				D99D58701DC8E83600580E2B /* ViewController.swift */,
				D99D58721DC8E83600580E2B /* Main.storyboard */,
				D99D58781DC8E83600580E2B /* Assets.xcassets */,
				D99D587A1DC8E83600580E2B /* LaunchScreen.storyboard */,
				D99D587D1DC8E83600580E2B /* Info.plist */,
				D99D58751DC8E83600580E2B /* DYDataKitDemo.xcdatamodeld */,
			);
			path = DYDataKitDemo;
			sourceTree = "<group>";
		};
		D99D58851DC8E83600580E2B /* DYDataKitDemoTests */ = {
			isa = PBXGroup;
			children = (
				D99D58861DC8E83600580E2B /* DYDataKitDemoTests.swift */,
				D99D58881DC8E83600580E2B /* Info.plist */,
			);
			path = DYDataKitDemoTests;
			sourceTree = "<group>";
		};
		D99D58911DC8E95A00580E2B /* DRYDataKit */ = {
			isa = PBXGroup;
			children = (
				D97D2ECB1DD0BEF0006A8A5B /* DRYManagedObject.swift */,
				D99D589F1DCA34A300580E2B /* DRYManagedObjectContext.swift */,
			);
			name = DRYDataKit;
			sourceTree = "<group>";
		};
		D99D589C1DC8EC2F00580E2B /* Frameworks */ = {
			isa = PBXGroup;
			children = (
				D99D589D1DC8EC2F00580E2B /* CoreData.framework */,
			);
			name = Frameworks;
			sourceTree = "<group>";
		};
		D99D58A11DCA34CF00580E2B /* CoreModel */ = {
			isa = PBXGroup;
			children = (
				D99D58941DC8EAB500580E2B /* Person+CoreDataClass.swift */,
				D99D58951DC8EAB500580E2B /* Person+CoreDataProperties.swift */,
				D99D58961DC8EAB500580E2B /* Phone+CoreDataClass.swift */,
				D99D58971DC8EAB500580E2B /* Phone+CoreDataProperties.swift */,
			);
			name = CoreModel;
			sourceTree = "<group>";
		};
/* End PBXGroup section */

/* Begin PBXNativeTarget section */
		D99D586A1DC8E83500580E2B /* DYDataKitDemo */ = {
			isa = PBXNativeTarget;
			buildConfigurationList = D99D588B1DC8E83600580E2B /* Build configuration list for PBXNativeTarget "DYDataKitDemo" */;
			buildPhases = (
				D99D58671DC8E83500580E2B /* Sources */,
				D99D58681DC8E83500580E2B /* Frameworks */,
				D99D58691DC8E83500580E2B /* Resources */,
			);
			buildRules = (
			);
			dependencies = (
			);
			name = DYDataKitDemo;
			productName = DYDataKitDemo;
			productReference = D99D586B1DC8E83600580E2B /* DYDataKitDemo.app */;
			productType = "com.apple.product-type.application";
		};
		D99D58811DC8E83600580E2B /* DYDataKitDemoTests */ = {
			isa = PBXNativeTarget;
			buildConfigurationList = D99D588E1DC8E83600580E2B /* Build configuration list for PBXNativeTarget "DYDataKitDemoTests" */;
			buildPhases = (
				D99D587E1DC8E83600580E2B /* Sources */,
				D99D587F1DC8E83600580E2B /* Frameworks */,
				D99D58801DC8E83600580E2B /* Resources */,
			);
			buildRules = (
			);
			dependencies = (
				D99D58841DC8E83600580E2B /* PBXTargetDependency */,
			);
			name = DYDataKitDemoTests;
			productName = DYDataKitDemoTests;
			productReference = D99D58821DC8E83600580E2B /* DYDataKitDemoTests.xctest */;
			productType = "com.apple.product-type.bundle.unit-test";
		};
/* End PBXNativeTarget section */

/* Begin PBXProject section */
		D99D58631DC8E83500580E2B /* Project object */ = {
			isa = PBXProject;
			attributes = {
				LastSwiftUpdateCheck = 0810;
				LastUpgradeCheck = 0810;
				ORGANIZATIONNAME = dropperY;
				TargetAttributes = {
					D99D586A1DC8E83500580E2B = {
						CreatedOnToolsVersion = 8.1;
						ProvisioningStyle = Automatic;
					};
					D99D58811DC8E83600580E2B = {
						CreatedOnToolsVersion = 8.1;
						ProvisioningStyle = Automatic;
						TestTargetID = D99D586A1DC8E83500580E2B;
					};
				};
			};
			buildConfigurationList = D99D58661DC8E83500580E2B /* Build configuration list for PBXProject "DYDataKitDemo" */;
			compatibilityVersion = "Xcode 3.2";
			developmentRegion = English;
			hasScannedForEncodings = 0;
			knownRegions = (
				en,
				Base,
			);
			mainGroup = D99D58621DC8E83500580E2B;
			productRefGroup = D99D586C1DC8E83600580E2B /* Products */;
			projectDirPath = "";
			projectRoot = "";
			targets = (
				D99D586A1DC8E83500580E2B /* DYDataKitDemo */,
				D99D58811DC8E83600580E2B /* DYDataKitDemoTests */,
			);
		};
/* End PBXProject section */

/* Begin PBXResourcesBuildPhase section */
		D99D58691DC8E83500580E2B /* Resources */ = {
			isa = PBXResourcesBuildPhase;
			buildActionMask = 2147483647;
			files = (
				D99D587C1DC8E83600580E2B /* LaunchScreen.storyboard in Resources */,
				D99D58791DC8E83600580E2B /* Assets.xcassets in Resources */,
				D99D58741DC8E83600580E2B /* Main.storyboard in Resources */,
			);
			runOnlyForDeploymentPostprocessing = 0;
		};
		D99D58801DC8E83600580E2B /* Resources */ = {
			isa = PBXResourcesBuildPhase;
			buildActionMask = 2147483647;
			files = (
			);
			runOnlyForDeploymentPostprocessing = 0;
		};
/* End PBXResourcesBuildPhase section */

/* Begin PBXSourcesBuildPhase section */
		D99D58671DC8E83500580E2B /* Sources */ = {
			isa = PBXSourcesBuildPhase;
			buildActionMask = 2147483647;
			files = (
				D99D58711DC8E83600580E2B /* ViewController.swift in Sources */,
				D99D58771DC8E83600580E2B /* DYDataKitDemo.xcdatamodeld in Sources */,
				D99D58991DC8EAB500580E2B /* Person+CoreDataProperties.swift in Sources */,
				D99D589A1DC8EAB500580E2B /* Phone+CoreDataClass.swift in Sources */,
				D99D58981DC8EAB500580E2B /* Person+CoreDataClass.swift in Sources */,
				D97D2ECC1DD0BEF0006A8A5B /* DRYManagedObject.swift in Sources */,
				D99D58A01DCA34A300580E2B /* DRYManagedObjectContext.swift in Sources */,
				D99D589B1DC8EAB500580E2B /* Phone+CoreDataProperties.swift in Sources */,
				D99D586F1DC8E83600580E2B /* AppDelegate.swift in Sources */,
			);
			runOnlyForDeploymentPostprocessing = 0;
		};
		D99D587E1DC8E83600580E2B /* Sources */ = {
			isa = PBXSourcesBuildPhase;
			buildActionMask = 2147483647;
			files = (
				D99D58871DC8E83600580E2B /* DYDataKitDemoTests.swift in Sources */,
			);
			runOnlyForDeploymentPostprocessing = 0;
		};
/* End PBXSourcesBuildPhase section */

/* Begin PBXTargetDependency section */
		D99D58841DC8E83600580E2B /* PBXTargetDependency */ = {
			isa = PBXTargetDependency;
			target = D99D586A1DC8E83500580E2B /* DYDataKitDemo */;
			targetProxy = D99D58831DC8E83600580E2B /* PBXContainerItemProxy */;
		};
/* End PBXTargetDependency section */

/* Begin PBXVariantGroup section */
		D99D58721DC8E83600580E2B /* Main.storyboard */ = {
			isa = PBXVariantGroup;
			children = (
				D99D58731DC8E83600580E2B /* Base */,
			);
			name = Main.storyboard;
			sourceTree = "<group>";
		};
		D99D587A1DC8E83600580E2B /* LaunchScreen.storyboard */ = {
			isa = PBXVariantGroup;
			children = (
				D99D587B1DC8E83600580E2B /* Base */,
			);
			name = LaunchScreen.storyboard;
			sourceTree = "<group>";
		};
/* End PBXVariantGroup section */

/* Begin XCBuildConfiguration section */
		D99D58891DC8E83600580E2B /* Debug */ = {
			isa = XCBuildConfiguration;
			buildSettings = {
				ALWAYS_SEARCH_USER_PATHS = NO;
				CLANG_ANALYZER_NONNULL = YES;
				CLANG_CXX_LANGUAGE_STANDARD = "gnu++0x";
				CLANG_CXX_LIBRARY = "libc++";
				CLANG_ENABLE_MODULES = YES;
				CLANG_ENABLE_OBJC_ARC = YES;
				CLANG_WARN_BOOL_CONVERSION = YES;
				CLANG_WARN_CONSTANT_CONVERSION = YES;
				CLANG_WARN_DIRECT_OBJC_ISA_USAGE = YES_ERROR;
				CLANG_WARN_DOCUMENTATION_COMMENTS = YES;
				CLANG_WARN_EMPTY_BODY = YES;
				CLANG_WARN_ENUM_CONVERSION = YES;
				CLANG_WARN_INFINITE_RECURSION = YES;
				CLANG_WARN_INT_CONVERSION = YES;
				CLANG_WARN_OBJC_ROOT_CLASS = YES_ERROR;
				CLANG_WARN_SUSPICIOUS_MOVES = YES;
				CLANG_WARN_UNREACHABLE_CODE = YES;
				CLANG_WARN__DUPLICATE_METHOD_MATCH = YES;
				"CODE_SIGN_IDENTITY[sdk=iphoneos*]" = "iPhone Developer";
				COPY_PHASE_STRIP = NO;
				DEBUG_INFORMATION_FORMAT = dwarf;
				ENABLE_STRICT_OBJC_MSGSEND = YES;
				ENABLE_TESTABILITY = YES;
				GCC_C_LANGUAGE_STANDARD = gnu99;
				GCC_DYNAMIC_NO_PIC = NO;
				GCC_NO_COMMON_BLOCKS = YES;
				GCC_OPTIMIZATION_LEVEL = 0;
				GCC_PREPROCESSOR_DEFINITIONS = (
					"DEBUG=1",
					"$(inherited)",
				);
				GCC_WARN_64_TO_32_BIT_CONVERSION = YES;
				GCC_WARN_ABOUT_RETURN_TYPE = YES_ERROR;
				GCC_WARN_UNDECLARED_SELECTOR = YES;
				GCC_WARN_UNINITIALIZED_AUTOS = YES_AGGRESSIVE;
				GCC_WARN_UNUSED_FUNCTION = YES;
				GCC_WARN_UNUSED_VARIABLE = YES;
				IPHONEOS_DEPLOYMENT_TARGET = 10.1;
				MTL_ENABLE_DEBUG_INFO = YES;
				ONLY_ACTIVE_ARCH = YES;
				SDKROOT = iphoneos;
				SWIFT_ACTIVE_COMPILATION_CONDITIONS = DEBUG;
				SWIFT_OPTIMIZATION_LEVEL = "-Onone";
				TARGETED_DEVICE_FAMILY = "1,2";
			};
			name = Debug;
		};
		D99D588A1DC8E83600580E2B /* Release */ = {
			isa = XCBuildConfiguration;
			buildSettings = {
				ALWAYS_SEARCH_USER_PATHS = NO;
				CLANG_ANALYZER_NONNULL = YES;
				CLANG_CXX_LANGUAGE_STANDARD = "gnu++0x";
				CLANG_CXX_LIBRARY = "libc++";
				CLANG_ENABLE_MODULES = YES;
				CLANG_ENABLE_OBJC_ARC = YES;
				CLANG_WARN_BOOL_CONVERSION = YES;
				CLANG_WARN_CONSTANT_CONVERSION = YES;
				CLANG_WARN_DIRECT_OBJC_ISA_USAGE = YES_ERROR;
				CLANG_WARN_DOCUMENTATION_COMMENTS = YES;
				CLANG_WARN_EMPTY_BODY = YES;
				CLANG_WARN_ENUM_CONVERSION = YES;
				CLANG_WARN_INFINITE_RECURSION = YES;
				CLANG_WARN_INT_CONVERSION = YES;
				CLANG_WARN_OBJC_ROOT_CLASS = YES_ERROR;
				CLANG_WARN_SUSPICIOUS_MOVES = YES;
				CLANG_WARN_UNREACHABLE_CODE = YES;
				CLANG_WARN__DUPLICATE_METHOD_MATCH = YES;
				"CODE_SIGN_IDENTITY[sdk=iphoneos*]" = "iPhone Developer";
				COPY_PHASE_STRIP = NO;
				DEBUG_INFORMATION_FORMAT = "dwarf-with-dsym";
				ENABLE_NS_ASSERTIONS = NO;
				ENABLE_STRICT_OBJC_MSGSEND = YES;
				GCC_C_LANGUAGE_STANDARD = gnu99;
				GCC_NO_COMMON_BLOCKS = YES;
				GCC_WARN_64_TO_32_BIT_CONVERSION = YES;
				GCC_WARN_ABOUT_RETURN_TYPE = YES_ERROR;
				GCC_WARN_UNDECLARED_SELECTOR = YES;
				GCC_WARN_UNINITIALIZED_AUTOS = YES_AGGRESSIVE;
				GCC_WARN_UNUSED_FUNCTION = YES;
				GCC_WARN_UNUSED_VARIABLE = YES;
				IPHONEOS_DEPLOYMENT_TARGET = 10.1;
				MTL_ENABLE_DEBUG_INFO = NO;
				SDKROOT = iphoneos;
				SWIFT_OPTIMIZATION_LEVEL = "-Owholemodule";
				TARGETED_DEVICE_FAMILY = "1,2";
				VALIDATE_PRODUCT = YES;
			};
			name = Release;
		};
		D99D588C1DC8E83600580E2B /* Debug */ = {
			isa = XCBuildConfiguration;
			buildSettings = {
				ASSETCATALOG_COMPILER_APPICON_NAME = AppIcon;
				INFOPLIST_FILE = DYDataKitDemo/Info.plist;
				LD_RUNPATH_SEARCH_PATHS = "$(inherited) @executable_path/Frameworks";
				PRODUCT_BUNDLE_IDENTIFIER = com.dropperY.DYDataKitDemo;
				PRODUCT_NAME = "$(TARGET_NAME)";
				SWIFT_VERSION = 3.0;
			};
			name = Debug;
		};
		D99D588D1DC8E83600580E2B /* Release */ = {
			isa = XCBuildConfiguration;
			buildSettings = {
				ASSETCATALOG_COMPILER_APPICON_NAME = AppIcon;
				INFOPLIST_FILE = DYDataKitDemo/Info.plist;
				LD_RUNPATH_SEARCH_PATHS = "$(inherited) @executable_path/Frameworks";
				PRODUCT_BUNDLE_IDENTIFIER = com.dropperY.DYDataKitDemo;
				PRODUCT_NAME = "$(TARGET_NAME)";
				SWIFT_VERSION = 3.0;
			};
			name = Release;
		};
		D99D588F1DC8E83600580E2B /* Debug */ = {
			isa = XCBuildConfiguration;
			buildSettings = {
				ALWAYS_EMBED_SWIFT_STANDARD_LIBRARIES = YES;
				BUNDLE_LOADER = "$(TEST_HOST)";
				INFOPLIST_FILE = DYDataKitDemoTests/Info.plist;
				LD_RUNPATH_SEARCH_PATHS = "$(inherited) @executable_path/Frameworks @loader_path/Frameworks";
				PRODUCT_BUNDLE_IDENTIFIER = com.dropperY.DYDataKitDemoTests;
				PRODUCT_NAME = "$(TARGET_NAME)";
				SWIFT_VERSION = 3.0;
				TEST_HOST = "$(BUILT_PRODUCTS_DIR)/DYDataKitDemo.app/DYDataKitDemo";
			};
			name = Debug;
		};
		D99D58901DC8E83600580E2B /* Release */ = {
			isa = XCBuildConfiguration;
			buildSettings = {
				ALWAYS_EMBED_SWIFT_STANDARD_LIBRARIES = YES;
				BUNDLE_LOADER = "$(TEST_HOST)";
				INFOPLIST_FILE = DYDataKitDemoTests/Info.plist;
				LD_RUNPATH_SEARCH_PATHS = "$(inherited) @executable_path/Frameworks @loader_path/Frameworks";
				PRODUCT_BUNDLE_IDENTIFIER = com.dropperY.DYDataKitDemoTests;
				PRODUCT_NAME = "$(TARGET_NAME)";
				SWIFT_VERSION = 3.0;
				TEST_HOST = "$(BUILT_PRODUCTS_DIR)/DYDataKitDemo.app/DYDataKitDemo";
			};
			name = Release;
		};
/* End XCBuildConfiguration section */

/* Begin XCConfigurationList section */
		D99D58661DC8E83500580E2B /* Build configuration list for PBXProject "DYDataKitDemo" */ = {
			isa = XCConfigurationList;
			buildConfigurations = (
				D99D58891DC8E83600580E2B /* Debug */,
				D99D588A1DC8E83600580E2B /* Release */,
			);
			defaultConfigurationIsVisible = 0;
			defaultConfigurationName = Release;
		};
		D99D588B1DC8E83600580E2B /* Build configuration list for PBXNativeTarget "DYDataKitDemo" */ = {
			isa = XCConfigurationList;
			buildConfigurations = (
				D99D588C1DC8E83600580E2B /* Debug */,
				D99D588D1DC8E83600580E2B /* Release */,
			);
			defaultConfigurationIsVisible = 0;
			defaultConfigurationName = Release;
		};
		D99D588E1DC8E83600580E2B /* Build configuration list for PBXNativeTarget "DYDataKitDemoTests" */ = {
			isa = XCConfigurationList;
			buildConfigurations = (
				D99D588F1DC8E83600580E2B /* Debug */,
				D99D58901DC8E83600580E2B /* Release */,
			);
			defaultConfigurationIsVisible = 0;
			defaultConfigurationName = Release;
		};
/* End XCConfigurationList section */

/* Begin XCVersionGroup section */
		D99D58751DC8E83600580E2B /* DYDataKitDemo.xcdatamodeld */ = {
			isa = XCVersionGroup;
			children = (
				D99D58761DC8E83600580E2B /* DYDataKitDemo.xcdatamodel */,
			);
			currentVersion = D99D58761DC8E83600580E2B /* DYDataKitDemo.xcdatamodel */;
			path = DYDataKitDemo.xcdatamodeld;
			sourceTree = "<group>";
			versionGroupType = wrapper.xcdatamodel;
		};
/* End XCVersionGroup section */
	};
	rootObject = D99D58631DC8E83500580E2B /* Project object */;
}
